// !$*UTF8*$!
{
	archiveVersion = 1;
	classes = {
	};
	objectVersion = 46;
	objects = {

/* Begin PBXBuildFile section */
		0971AF485D1A365A71196118 /* Pods_Recreo.framework in Frameworks */ = {isa = PBXBuildFile; fileRef = 3456E8CD36A188E233EA88C6 /* Pods_Recreo.framework */; };
		84A7CEAE1EB67C670056B160 /* LoginViewController.swift in Sources */ = {isa = PBXBuildFile; fileRef = 84A7CEAD1EB67C670056B160 /* LoginViewController.swift */; };
		84A7CEB21EB6DE640056B160 /* CustomLoginView.swift in Sources */ = {isa = PBXBuildFile; fileRef = 84A7CEB11EB6DE640056B160 /* CustomLoginView.swift */; };
		84A7CEB51EB6DEEF0056B160 /* Constants.swift in Sources */ = {isa = PBXBuildFile; fileRef = 84A7CEB41EB6DEEF0056B160 /* Constants.swift */; };
		84A7CEB71EB6E1330056B160 /* FacebookButton.swift in Sources */ = {isa = PBXBuildFile; fileRef = 84A7CEB61EB6E1330056B160 /* FacebookButton.swift */; };
		84A7CEB91EB6F1810056B160 /* CustomTextField.swift in Sources */ = {isa = PBXBuildFile; fileRef = 84A7CEB81EB6F1810056B160 /* CustomTextField.swift */; };
		84A7CEBB1EB6F3430056B160 /* CustomButton.swift in Sources */ = {isa = PBXBuildFile; fileRef = 84A7CEBA1EB6F3430056B160 /* CustomButton.swift */; };
		84F6649F1EA8463B00044DB4 /* AppDelegate.swift in Sources */ = {isa = PBXBuildFile; fileRef = 84F6649E1EA8463B00044DB4 /* AppDelegate.swift */; };
		84F664A41EA8463B00044DB4 /* Main.storyboard in Resources */ = {isa = PBXBuildFile; fileRef = 84F664A21EA8463B00044DB4 /* Main.storyboard */; };
		84F664A61EA8463B00044DB4 /* Assets.xcassets in Resources */ = {isa = PBXBuildFile; fileRef = 84F664A51EA8463B00044DB4 /* Assets.xcassets */; };
		84F664A91EA8463B00044DB4 /* LaunchScreen.storyboard in Resources */ = {isa = PBXBuildFile; fileRef = 84F664A71EA8463B00044DB4 /* LaunchScreen.storyboard */; };
		8B613AB71EB9BCAB00C9DA0F /* CreateEventViewController.swift in Sources */ = {isa = PBXBuildFile; fileRef = 8B613AB61EB9BCAB00C9DA0F /* CreateEventViewController.swift */; };
		8B613AB91EB9C1AF00C9DA0F /* ContactListViewController.swift in Sources */ = {isa = PBXBuildFile; fileRef = 8B613AB81EB9C1AF00C9DA0F /* ContactListViewController.swift */; };
		8B613ABB1EB9C3F700C9DA0F /* ContactListCell.swift in Sources */ = {isa = PBXBuildFile; fileRef = 8B613ABA1EB9C3F700C9DA0F /* ContactListCell.swift */; };
		B320F2841EB662E900C5A376 /* ProfileViewController.swift in Sources */ = {isa = PBXBuildFile; fileRef = B320F2831EB662E900C5A376 /* ProfileViewController.swift */; };
		B320F2881EB6D6F900C5A376 /* User.swift in Sources */ = {isa = PBXBuildFile; fileRef = B320F2871EB6D6F900C5A376 /* User.swift */; };
		B320F28A1EB6DB1A00C5A376 /* Event.swift in Sources */ = {isa = PBXBuildFile; fileRef = B320F2891EB6DB1A00C5A376 /* Event.swift */; };
		B320F28C1EB6DD3700C5A376 /* Gallery.swift in Sources */ = {isa = PBXBuildFile; fileRef = B320F28B1EB6DD3700C5A376 /* Gallery.swift */; };
		B320F28E1EB6DDAB00C5A376 /* Photo.swift in Sources */ = {isa = PBXBuildFile; fileRef = B320F28D1EB6DDAB00C5A376 /* Photo.swift */; };
		B320F2901EB6DE2000C5A376 /* Message.swift in Sources */ = {isa = PBXBuildFile; fileRef = B320F28F1EB6DE2000C5A376 /* Message.swift */; };
		B320F2921EB6DED500C5A376 /* Conversation.swift in Sources */ = {isa = PBXBuildFile; fileRef = B320F2911EB6DED500C5A376 /* Conversation.swift */; };
		B320F2951EB6FDE400C5A376 /* EventDetailViewController.swift in Sources */ = {isa = PBXBuildFile; fileRef = B320F2931EB6FDE400C5A376 /* EventDetailViewController.swift */; };
		B320F2961EB6FDE400C5A376 /* EventDetailViewController.xib in Resources */ = {isa = PBXBuildFile; fileRef = B320F2941EB6FDE400C5A376 /* EventDetailViewController.xib */; };
		B320F2981EB6FE0200C5A376 /* ChatViewController.swift in Sources */ = {isa = PBXBuildFile; fileRef = B320F2971EB6FE0200C5A376 /* ChatViewController.swift */; };
		B320F29A1EB7033700C5A376 /* GalleryViewController.swift in Sources */ = {isa = PBXBuildFile; fileRef = B320F2991EB7033700C5A376 /* GalleryViewController.swift */; };
		B320F29C1EB703A400C5A376 /* PhotoCollectionViewCell.swift in Sources */ = {isa = PBXBuildFile; fileRef = B320F29B1EB703A400C5A376 /* PhotoCollectionViewCell.swift */; };
		B320F29E1EB70C8200C5A376 /* ChatTableViewCell.swift in Sources */ = {isa = PBXBuildFile; fileRef = B320F29D1EB70C8200C5A376 /* ChatTableViewCell.swift */; };
		B320F2A01EB854C900C5A376 /* GoogleService-Info.plist in Resources */ = {isa = PBXBuildFile; fileRef = B320F29F1EB854C900C5A376 /* GoogleService-Info.plist */; };
/* End PBXBuildFile section */

/* Begin PBXFileReference section */
		2C1E76B857393A15A608CD06 /* Pods-Recreo.release.xcconfig */ = {isa = PBXFileReference; includeInIndex = 1; lastKnownFileType = text.xcconfig; name = "Pods-Recreo.release.xcconfig"; path = "Pods/Target Support Files/Pods-Recreo/Pods-Recreo.release.xcconfig"; sourceTree = "<group>"; };
		3456E8CD36A188E233EA88C6 /* Pods_Recreo.framework */ = {isa = PBXFileReference; explicitFileType = wrapper.framework; includeInIndex = 0; path = Pods_Recreo.framework; sourceTree = BUILT_PRODUCTS_DIR; };
		84A7CEAD1EB67C670056B160 /* LoginViewController.swift */ = {isa = PBXFileReference; fileEncoding = 4; lastKnownFileType = sourcecode.swift; path = LoginViewController.swift; sourceTree = "<group>"; };
		84A7CEB11EB6DE640056B160 /* CustomLoginView.swift */ = {isa = PBXFileReference; fileEncoding = 4; lastKnownFileType = sourcecode.swift; path = CustomLoginView.swift; sourceTree = "<group>"; };
		84A7CEB41EB6DEEF0056B160 /* Constants.swift */ = {isa = PBXFileReference; fileEncoding = 4; lastKnownFileType = sourcecode.swift; path = Constants.swift; sourceTree = "<group>"; };
		84A7CEB61EB6E1330056B160 /* FacebookButton.swift */ = {isa = PBXFileReference; fileEncoding = 4; lastKnownFileType = sourcecode.swift; path = FacebookButton.swift; sourceTree = "<group>"; };
		84A7CEB81EB6F1810056B160 /* CustomTextField.swift */ = {isa = PBXFileReference; fileEncoding = 4; lastKnownFileType = sourcecode.swift; path = CustomTextField.swift; sourceTree = "<group>"; };
		84A7CEBA1EB6F3430056B160 /* CustomButton.swift */ = {isa = PBXFileReference; fileEncoding = 4; lastKnownFileType = sourcecode.swift; path = CustomButton.swift; sourceTree = "<group>"; };
		84F6649B1EA8463B00044DB4 /* Recreo.app */ = {isa = PBXFileReference; explicitFileType = wrapper.application; includeInIndex = 0; path = Recreo.app; sourceTree = BUILT_PRODUCTS_DIR; };
		84F6649E1EA8463B00044DB4 /* AppDelegate.swift */ = {isa = PBXFileReference; lastKnownFileType = sourcecode.swift; path = AppDelegate.swift; sourceTree = "<group>"; };
		84F664A31EA8463B00044DB4 /* Base */ = {isa = PBXFileReference; lastKnownFileType = file.storyboard; name = Base; path = Base.lproj/Main.storyboard; sourceTree = "<group>"; };
		84F664A51EA8463B00044DB4 /* Assets.xcassets */ = {isa = PBXFileReference; lastKnownFileType = folder.assetcatalog; path = Assets.xcassets; sourceTree = "<group>"; };
		84F664A81EA8463B00044DB4 /* Base */ = {isa = PBXFileReference; lastKnownFileType = file.storyboard; name = Base; path = Base.lproj/LaunchScreen.storyboard; sourceTree = "<group>"; };
		84F664AA1EA8463B00044DB4 /* Info.plist */ = {isa = PBXFileReference; lastKnownFileType = text.plist.xml; path = Info.plist; sourceTree = "<group>"; };
		8B613AB61EB9BCAB00C9DA0F /* CreateEventViewController.swift */ = {isa = PBXFileReference; fileEncoding = 4; lastKnownFileType = sourcecode.swift; path = CreateEventViewController.swift; sourceTree = "<group>"; };
		8B613AB81EB9C1AF00C9DA0F /* ContactListViewController.swift */ = {isa = PBXFileReference; fileEncoding = 4; lastKnownFileType = sourcecode.swift; path = ContactListViewController.swift; sourceTree = "<group>"; };
		8B613ABA1EB9C3F700C9DA0F /* ContactListCell.swift */ = {isa = PBXFileReference; fileEncoding = 4; lastKnownFileType = sourcecode.swift; path = ContactListCell.swift; sourceTree = "<group>"; };
		A01318A829FE1DC440A7C97B /* Pods-Recreo.debug.xcconfig */ = {isa = PBXFileReference; includeInIndex = 1; lastKnownFileType = text.xcconfig; name = "Pods-Recreo.debug.xcconfig"; path = "Pods/Target Support Files/Pods-Recreo/Pods-Recreo.debug.xcconfig"; sourceTree = "<group>"; };
		B320F2831EB662E900C5A376 /* ProfileViewController.swift */ = {isa = PBXFileReference; fileEncoding = 4; lastKnownFileType = sourcecode.swift; path = ProfileViewController.swift; sourceTree = "<group>"; };
		B320F2871EB6D6F900C5A376 /* User.swift */ = {isa = PBXFileReference; fileEncoding = 4; lastKnownFileType = sourcecode.swift; path = User.swift; sourceTree = "<group>"; };
		B320F2891EB6DB1A00C5A376 /* Event.swift */ = {isa = PBXFileReference; fileEncoding = 4; lastKnownFileType = sourcecode.swift; path = Event.swift; sourceTree = "<group>"; };
		B320F28B1EB6DD3700C5A376 /* Gallery.swift */ = {isa = PBXFileReference; fileEncoding = 4; lastKnownFileType = sourcecode.swift; path = Gallery.swift; sourceTree = "<group>"; };
		B320F28D1EB6DDAB00C5A376 /* Photo.swift */ = {isa = PBXFileReference; fileEncoding = 4; lastKnownFileType = sourcecode.swift; path = Photo.swift; sourceTree = "<group>"; };
		B320F28F1EB6DE2000C5A376 /* Message.swift */ = {isa = PBXFileReference; fileEncoding = 4; lastKnownFileType = sourcecode.swift; path = Message.swift; sourceTree = "<group>"; };
		B320F2911EB6DED500C5A376 /* Conversation.swift */ = {isa = PBXFileReference; fileEncoding = 4; lastKnownFileType = sourcecode.swift; path = Conversation.swift; sourceTree = "<group>"; };
		B320F2931EB6FDE400C5A376 /* EventDetailViewController.swift */ = {isa = PBXFileReference; fileEncoding = 4; lastKnownFileType = sourcecode.swift; path = EventDetailViewController.swift; sourceTree = "<group>"; };
		B320F2941EB6FDE400C5A376 /* EventDetailViewController.xib */ = {isa = PBXFileReference; fileEncoding = 4; lastKnownFileType = file.xib; path = EventDetailViewController.xib; sourceTree = "<group>"; };
		B320F2971EB6FE0200C5A376 /* ChatViewController.swift */ = {isa = PBXFileReference; fileEncoding = 4; lastKnownFileType = sourcecode.swift; path = ChatViewController.swift; sourceTree = "<group>"; };
		B320F2991EB7033700C5A376 /* GalleryViewController.swift */ = {isa = PBXFileReference; fileEncoding = 4; lastKnownFileType = sourcecode.swift; path = GalleryViewController.swift; sourceTree = "<group>"; };
		B320F29B1EB703A400C5A376 /* PhotoCollectionViewCell.swift */ = {isa = PBXFileReference; fileEncoding = 4; lastKnownFileType = sourcecode.swift; path = PhotoCollectionViewCell.swift; sourceTree = "<group>"; };
		B320F29D1EB70C8200C5A376 /* ChatTableViewCell.swift */ = {isa = PBXFileReference; fileEncoding = 4; lastKnownFileType = sourcecode.swift; path = ChatTableViewCell.swift; sourceTree = "<group>"; };
		B320F29F1EB854C900C5A376 /* GoogleService-Info.plist */ = {isa = PBXFileReference; fileEncoding = 4; lastKnownFileType = text.plist.xml; name = "GoogleService-Info.plist"; path = "../../../Downloads/GoogleService-Info.plist"; sourceTree = "<group>"; };
/* End PBXFileReference section */

/* Begin PBXFrameworksBuildPhase section */
		84F664981EA8463B00044DB4 /* Frameworks */ = {
			isa = PBXFrameworksBuildPhase;
			buildActionMask = 2147483647;
			files = (
				0971AF485D1A365A71196118 /* Pods_Recreo.framework in Frameworks */,
			);
			runOnlyForDeploymentPostprocessing = 0;
		};
/* End PBXFrameworksBuildPhase section */

/* Begin PBXGroup section */
		30A60B52830EFDF96893C7D0 /* Frameworks */ = {
			isa = PBXGroup;
			children = (
				3456E8CD36A188E233EA88C6 /* Pods_Recreo.framework */,
			);
			name = Frameworks;
			sourceTree = "<group>";
		};
		84A7CEAA1EB67C120056B160 /* Controllers */ = {
			isa = PBXGroup;
			children = (
				84A7CEAD1EB67C670056B160 /* LoginViewController.swift */,
				B320F2831EB662E900C5A376 /* ProfileViewController.swift */,
				B320F2931EB6FDE400C5A376 /* EventDetailViewController.swift */,
				B320F2941EB6FDE400C5A376 /* EventDetailViewController.xib */,
				B320F2971EB6FE0200C5A376 /* ChatViewController.swift */,
				B320F2991EB7033700C5A376 /* GalleryViewController.swift */,
				8B613AB61EB9BCAB00C9DA0F /* CreateEventViewController.swift */,
				8B613AB81EB9C1AF00C9DA0F /* ContactListViewController.swift */,
			);
			name = Controllers;
			sourceTree = "<group>";
		};
		84A7CEAB1EB67C1A0056B160 /* Models */ = {
			isa = PBXGroup;
			children = (
				B320F2871EB6D6F900C5A376 /* User.swift */,
				B320F2891EB6DB1A00C5A376 /* Event.swift */,
				B320F28B1EB6DD3700C5A376 /* Gallery.swift */,
				B320F28D1EB6DDAB00C5A376 /* Photo.swift */,
				B320F28F1EB6DE2000C5A376 /* Message.swift */,
				B320F2911EB6DED500C5A376 /* Conversation.swift */,
			);
			name = Models;
			sourceTree = "<group>";
		};
		84A7CEAC1EB67C1F0056B160 /* Views */ = {
			isa = PBXGroup;
			children = (
				84A7CEB11EB6DE640056B160 /* CustomLoginView.swift */,
				84A7CEB61EB6E1330056B160 /* FacebookButton.swift */,
				84A7CEB81EB6F1810056B160 /* CustomTextField.swift */,
				84A7CEBA1EB6F3430056B160 /* CustomButton.swift */,
				B320F29B1EB703A400C5A376 /* PhotoCollectionViewCell.swift */,
				B320F29D1EB70C8200C5A376 /* ChatTableViewCell.swift */,
				8B613ABA1EB9C3F700C9DA0F /* ContactListCell.swift */,
			);
			name = Views;
			sourceTree = "<group>";
		};
		84A7CEB31EB6DECD0056B160 /* Utils */ = {
			isa = PBXGroup;
			children = (
				84A7CEB41EB6DEEF0056B160 /* Constants.swift */,
			);
			name = Utils;
			sourceTree = "<group>";
		};
		84F664921EA8463A00044DB4 = {
			isa = PBXGroup;
			children = (
				84F6649D1EA8463B00044DB4 /* Recreo */,
				84F6649C1EA8463B00044DB4 /* Products */,
				CDFF6FB3AE11E3DC460F50C6 /* Pods */,
				30A60B52830EFDF96893C7D0 /* Frameworks */,
			);
			sourceTree = "<group>";
		};
		84F6649C1EA8463B00044DB4 /* Products */ = {
			isa = PBXGroup;
			children = (
				84F6649B1EA8463B00044DB4 /* Recreo.app */,
			);
			name = Products;
			sourceTree = "<group>";
		};
		84F6649D1EA8463B00044DB4 /* Recreo */ = {
			isa = PBXGroup;
			children = (
				84A7CEAC1EB67C1F0056B160 /* Views */,
				84A7CEAB1EB67C1A0056B160 /* Models */,
				84A7CEB31EB6DECD0056B160 /* Utils */,
				84A7CEAA1EB67C120056B160 /* Controllers */,
				84F6649E1EA8463B00044DB4 /* AppDelegate.swift */,
				84F664A21EA8463B00044DB4 /* Main.storyboard */,
				84F664A51EA8463B00044DB4 /* Assets.xcassets */,
				84F664A71EA8463B00044DB4 /* LaunchScreen.storyboard */,
				84F664AA1EA8463B00044DB4 /* Info.plist */,
				B320F29F1EB854C900C5A376 /* GoogleService-Info.plist */,
			);
			path = Recreo;
			sourceTree = "<group>";
		};
		CDFF6FB3AE11E3DC460F50C6 /* Pods */ = {
			isa = PBXGroup;
			children = (
				A01318A829FE1DC440A7C97B /* Pods-Recreo.debug.xcconfig */,
				2C1E76B857393A15A608CD06 /* Pods-Recreo.release.xcconfig */,
			);
			name = Pods;
			sourceTree = "<group>";
		};
/* End PBXGroup section */

/* Begin PBXNativeTarget section */
		84F6649A1EA8463B00044DB4 /* Recreo */ = {
			isa = PBXNativeTarget;
			buildConfigurationList = 84F664AD1EA8463B00044DB4 /* Build configuration list for PBXNativeTarget "Recreo" */;
			buildPhases = (
				7E8A64C27CFBA54DF4E2503D /* [CP] Check Pods Manifest.lock */,
				84F664971EA8463B00044DB4 /* Sources */,
				84F664981EA8463B00044DB4 /* Frameworks */,
				84F664991EA8463B00044DB4 /* Resources */,
				6FDB256EDD7D3F7F634E9C42 /* [CP] Embed Pods Frameworks */,
				040A1E1F7FB91A2D50CA11AA /* [CP] Copy Pods Resources */,
			);
			buildRules = (
			);
			dependencies = (
			);
			name = Recreo;
			productName = Recreo;
			productReference = 84F6649B1EA8463B00044DB4 /* Recreo.app */;
			productType = "com.apple.product-type.application";
		};
/* End PBXNativeTarget section */

/* Begin PBXProject section */
		84F664931EA8463A00044DB4 /* Project object */ = {
			isa = PBXProject;
			attributes = {
				LastSwiftUpdateCheck = 0820;
				LastUpgradeCheck = 0820;
				ORGANIZATIONNAME = Intuit;
				TargetAttributes = {
					84F6649A1EA8463B00044DB4 = {
						CreatedOnToolsVersion = 8.2.1;
						ProvisioningStyle = Automatic;
					};
				};
			};
			buildConfigurationList = 84F664961EA8463A00044DB4 /* Build configuration list for PBXProject "Recreo" */;
			compatibilityVersion = "Xcode 3.2";
			developmentRegion = English;
			hasScannedForEncodings = 0;
			knownRegions = (
				en,
				Base,
			);
			mainGroup = 84F664921EA8463A00044DB4;
			productRefGroup = 84F6649C1EA8463B00044DB4 /* Products */;
			projectDirPath = "";
			projectRoot = "";
			targets = (
				84F6649A1EA8463B00044DB4 /* Recreo */,
			);
		};
/* End PBXProject section */

/* Begin PBXResourcesBuildPhase section */
		84F664991EA8463B00044DB4 /* Resources */ = {
			isa = PBXResourcesBuildPhase;
			buildActionMask = 2147483647;
			files = (
				B320F2961EB6FDE400C5A376 /* EventDetailViewController.xib in Resources */,
				84F664A91EA8463B00044DB4 /* LaunchScreen.storyboard in Resources */,
				84F664A61EA8463B00044DB4 /* Assets.xcassets in Resources */,
				84F664A41EA8463B00044DB4 /* Main.storyboard in Resources */,
				B320F2A01EB854C900C5A376 /* GoogleService-Info.plist in Resources */,
			);
			runOnlyForDeploymentPostprocessing = 0;
		};
/* End PBXResourcesBuildPhase section */

/* Begin PBXShellScriptBuildPhase section */
		040A1E1F7FB91A2D50CA11AA /* [CP] Copy Pods Resources */ = {
			isa = PBXShellScriptBuildPhase;
			buildActionMask = 2147483647;
			files = (
			);
			inputPaths = (
			);
			name = "[CP] Copy Pods Resources";
			outputPaths = (
			);
			runOnlyForDeploymentPostprocessing = 0;
			shellPath = /bin/sh;
			shellScript = "\"${SRCROOT}/Pods/Target Support Files/Pods-Recreo/Pods-Recreo-resources.sh\"\n";
			showEnvVarsInLog = 0;
		};
		6FDB256EDD7D3F7F634E9C42 /* [CP] Embed Pods Frameworks */ = {
			isa = PBXShellScriptBuildPhase;
			buildActionMask = 2147483647;
			files = (
			);
			inputPaths = (
			);
			name = "[CP] Embed Pods Frameworks";
			outputPaths = (
			);
			runOnlyForDeploymentPostprocessing = 0;
			shellPath = /bin/sh;
			shellScript = "\"${SRCROOT}/Pods/Target Support Files/Pods-Recreo/Pods-Recreo-frameworks.sh\"\n";
			showEnvVarsInLog = 0;
		};
		7E8A64C27CFBA54DF4E2503D /* [CP] Check Pods Manifest.lock */ = {
			isa = PBXShellScriptBuildPhase;
			buildActionMask = 2147483647;
			files = (
			);
			inputPaths = (
			);
			name = "[CP] Check Pods Manifest.lock";
			outputPaths = (
			);
			runOnlyForDeploymentPostprocessing = 0;
			shellPath = /bin/sh;
			shellScript = "diff \"${PODS_ROOT}/../Podfile.lock\" \"${PODS_ROOT}/Manifest.lock\" > /dev/null\nif [ $? != 0 ] ; then\n    # print error to STDERR\n    echo \"error: The sandbox is not in sync with the Podfile.lock. Run 'pod install' or update your CocoaPods installation.\" >&2\n    exit 1\nfi\n";
			showEnvVarsInLog = 0;
		};
/* End PBXShellScriptBuildPhase section */

/* Begin PBXSourcesBuildPhase section */
		84F664971EA8463B00044DB4 /* Sources */ = {
			isa = PBXSourcesBuildPhase;
			buildActionMask = 2147483647;
			files = (
				84A7CEB91EB6F1810056B160 /* CustomTextField.swift in Sources */,
				B320F29A1EB7033700C5A376 /* GalleryViewController.swift in Sources */,
				84A7CEB51EB6DEEF0056B160 /* Constants.swift in Sources */,
				B320F2981EB6FE0200C5A376 /* ChatViewController.swift in Sources */,
				8B613ABB1EB9C3F700C9DA0F /* ContactListCell.swift in Sources */,
				B320F28E1EB6DDAB00C5A376 /* Photo.swift in Sources */,
				8B613AB91EB9C1AF00C9DA0F /* ContactListViewController.swift in Sources */,
				B320F29E1EB70C8200C5A376 /* ChatTableViewCell.swift in Sources */,
				B320F29C1EB703A400C5A376 /* PhotoCollectionViewCell.swift in Sources */,
				8B613AB71EB9BCAB00C9DA0F /* CreateEventViewController.swift in Sources */,
				B320F2881EB6D6F900C5A376 /* User.swift in Sources */,
				84A7CEAE1EB67C670056B160 /* LoginViewController.swift in Sources */,
				B320F2921EB6DED500C5A376 /* Conversation.swift in Sources */,
				B320F2951EB6FDE400C5A376 /* EventDetailViewController.swift in Sources */,
				B320F2841EB662E900C5A376 /* ProfileViewController.swift in Sources */,
				84A7CEBB1EB6F3430056B160 /* CustomButton.swift in Sources */,
				84A7CEB71EB6E1330056B160 /* FacebookButton.swift in Sources */,
				84F6649F1EA8463B00044DB4 /* AppDelegate.swift in Sources */,
				84A7CEB21EB6DE640056B160 /* CustomLoginView.swift in Sources */,
				B320F2901EB6DE2000C5A376 /* Message.swift in Sources */,
				B320F28C1EB6DD3700C5A376 /* Gallery.swift in Sources */,
				B320F28A1EB6DB1A00C5A376 /* Event.swift in Sources */,
			);
			runOnlyForDeploymentPostprocessing = 0;
		};
/* End PBXSourcesBuildPhase section */

/* Begin PBXVariantGroup section */
		84F664A21EA8463B00044DB4 /* Main.storyboard */ = {
			isa = PBXVariantGroup;
			children = (
				84F664A31EA8463B00044DB4 /* Base */,
			);
			name = Main.storyboard;
			sourceTree = "<group>";
		};
		84F664A71EA8463B00044DB4 /* LaunchScreen.storyboard */ = {
			isa = PBXVariantGroup;
			children = (
				84F664A81EA8463B00044DB4 /* Base */,
			);
			name = LaunchScreen.storyboard;
			sourceTree = "<group>";
		};
/* End PBXVariantGroup section */

/* Begin XCBuildConfiguration section */
		84F664AB1EA8463B00044DB4 /* Debug */ = {
			isa = XCBuildConfiguration;
			buildSettings = {
				ALWAYS_SEARCH_USER_PATHS = NO;
				CLANG_ANALYZER_NONNULL = YES;
				CLANG_CXX_LANGUAGE_STANDARD = "gnu++0x";
				CLANG_CXX_LIBRARY = "libc++";
				CLANG_ENABLE_MODULES = YES;
				CLANG_ENABLE_OBJC_ARC = YES;
				CLANG_WARN_BOOL_CONVERSION = YES;
				CLANG_WARN_CONSTANT_CONVERSION = YES;
				CLANG_WARN_DIRECT_OBJC_ISA_USAGE = YES_ERROR;
				CLANG_WARN_DOCUMENTATION_COMMENTS = YES;
				CLANG_WARN_EMPTY_BODY = YES;
				CLANG_WARN_ENUM_CONVERSION = YES;
				CLANG_WARN_INFINITE_RECURSION = YES;
				CLANG_WARN_INT_CONVERSION = YES;
				CLANG_WARN_OBJC_ROOT_CLASS = YES_ERROR;
				CLANG_WARN_SUSPICIOUS_MOVE = YES;
				CLANG_WARN_UNREACHABLE_CODE = YES;
				CLANG_WARN__DUPLICATE_METHOD_MATCH = YES;
				"CODE_SIGN_IDENTITY[sdk=iphoneos*]" = "iPhone Developer";
				COPY_PHASE_STRIP = NO;
				DEBUG_INFORMATION_FORMAT = dwarf;
				ENABLE_STRICT_OBJC_MSGSEND = YES;
				ENABLE_TESTABILITY = YES;
				GCC_C_LANGUAGE_STANDARD = gnu99;
				GCC_DYNAMIC_NO_PIC = NO;
				GCC_NO_COMMON_BLOCKS = YES;
				GCC_OPTIMIZATION_LEVEL = 0;
				GCC_PREPROCESSOR_DEFINITIONS = (
					"DEBUG=1",
					"$(inherited)",
				);
				GCC_WARN_64_TO_32_BIT_CONVERSION = YES;
				GCC_WARN_ABOUT_RETURN_TYPE = YES_ERROR;
				GCC_WARN_UNDECLARED_SELECTOR = YES;
				GCC_WARN_UNINITIALIZED_AUTOS = YES_AGGRESSIVE;
				GCC_WARN_UNUSED_FUNCTION = YES;
				GCC_WARN_UNUSED_VARIABLE = YES;
				IPHONEOS_DEPLOYMENT_TARGET = 10.2;
				MTL_ENABLE_DEBUG_INFO = YES;
				ONLY_ACTIVE_ARCH = YES;
				SDKROOT = iphoneos;
				SWIFT_ACTIVE_COMPILATION_CONDITIONS = DEBUG;
				SWIFT_OPTIMIZATION_LEVEL = "-Onone";
				TARGETED_DEVICE_FAMILY = "1,2";
			};
			name = Debug;
		};
		84F664AC1EA8463B00044DB4 /* Release */ = {
			isa = XCBuildConfiguration;
			buildSettings = {
				ALWAYS_SEARCH_USER_PATHS = NO;
				CLANG_ANALYZER_NONNULL = YES;
				CLANG_CXX_LANGUAGE_STANDARD = "gnu++0x";
				CLANG_CXX_LIBRARY = "libc++";
				CLANG_ENABLE_MODULES = YES;
				CLANG_ENABLE_OBJC_ARC = YES;
				CLANG_WARN_BOOL_CONVERSION = YES;
				CLANG_WARN_CONSTANT_CONVERSION = YES;
				CLANG_WARN_DIRECT_OBJC_ISA_USAGE = YES_ERROR;
				CLANG_WARN_DOCUMENTATION_COMMENTS = YES;
				CLANG_WARN_EMPTY_BODY = YES;
				CLANG_WARN_ENUM_CONVERSION = YES;
				CLANG_WARN_INFINITE_RECURSION = YES;
				CLANG_WARN_INT_CONVERSION = YES;
				CLANG_WARN_OBJC_ROOT_CLASS = YES_ERROR;
				CLANG_WARN_SUSPICIOUS_MOVE = YES;
				CLANG_WARN_UNREACHABLE_CODE = YES;
				CLANG_WARN__DUPLICATE_METHOD_MATCH = YES;
				"CODE_SIGN_IDENTITY[sdk=iphoneos*]" = "iPhone Developer";
				COPY_PHASE_STRIP = NO;
				DEBUG_INFORMATION_FORMAT = "dwarf-with-dsym";
				ENABLE_NS_ASSERTIONS = NO;
				ENABLE_STRICT_OBJC_MSGSEND = YES;
				GCC_C_LANGUAGE_STANDARD = gnu99;
				GCC_NO_COMMON_BLOCKS = YES;
				GCC_WARN_64_TO_32_BIT_CONVERSION = YES;
				GCC_WARN_ABOUT_RETURN_TYPE = YES_ERROR;
				GCC_WARN_UNDECLARED_SELECTOR = YES;
				GCC_WARN_UNINITIALIZED_AUTOS = YES_AGGRESSIVE;
				GCC_WARN_UNUSED_FUNCTION = YES;
				GCC_WARN_UNUSED_VARIABLE = YES;
				IPHONEOS_DEPLOYMENT_TARGET = 10.2;
				MTL_ENABLE_DEBUG_INFO = NO;
				SDKROOT = iphoneos;
				SWIFT_OPTIMIZATION_LEVEL = "-Owholemodule";
				TARGETED_DEVICE_FAMILY = "1,2";
				VALIDATE_PRODUCT = YES;
			};
			name = Release;
		};
		84F664AE1EA8463B00044DB4 /* Debug */ = {
			isa = XCBuildConfiguration;
			baseConfigurationReference = A01318A829FE1DC440A7C97B /* Pods-Recreo.debug.xcconfig */;
			buildSettings = {
				ASSETCATALOG_COMPILER_APPICON_NAME = AppIcon;
				INFOPLIST_FILE = Recreo/Info.plist;
				LD_RUNPATH_SEARCH_PATHS = "$(inherited) @executable_path/Frameworks";
				PRODUCT_BUNDLE_IDENTIFIER = com.intuit.Recreo;
				PRODUCT_NAME = "$(TARGET_NAME)";
				SWIFT_VERSION = 3.0;
			};
			name = Debug;
		};
		84F664AF1EA8463B00044DB4 /* Release */ = {
			isa = XCBuildConfiguration;
			baseConfigurationReference = 2C1E76B857393A15A608CD06 /* Pods-Recreo.release.xcconfig */;
			buildSettings = {
				ASSETCATALOG_COMPILER_APPICON_NAME = AppIcon;
				INFOPLIST_FILE = Recreo/Info.plist;
				LD_RUNPATH_SEARCH_PATHS = "$(inherited) @executable_path/Frameworks";
				PRODUCT_BUNDLE_IDENTIFIER = com.intuit.Recreo;
				PRODUCT_NAME = "$(TARGET_NAME)";
				SWIFT_VERSION = 3.0;
			};
			name = Release;
		};
/* End XCBuildConfiguration section */

/* Begin XCConfigurationList section */
		84F664961EA8463A00044DB4 /* Build configuration list for PBXProject "Recreo" */ = {
			isa = XCConfigurationList;
			buildConfigurations = (
				84F664AB1EA8463B00044DB4 /* Debug */,
				84F664AC1EA8463B00044DB4 /* Release */,
			);
			defaultConfigurationIsVisible = 0;
			defaultConfigurationName = Release;
		};
		84F664AD1EA8463B00044DB4 /* Build configuration list for PBXNativeTarget "Recreo" */ = {
			isa = XCConfigurationList;
			buildConfigurations = (
				84F664AE1EA8463B00044DB4 /* Debug */,
				84F664AF1EA8463B00044DB4 /* Release */,
			);
			defaultConfigurationIsVisible = 0;
			defaultConfigurationName = Release;
		};
/* End XCConfigurationList section */
	};
	rootObject = 84F664931EA8463A00044DB4 /* Project object */;
}
